
Microsoft Visual Studio Solution File, Format Version 12.00
# Visual Studio Version 17
VisualStudioVersion = 17.9.34616.47
MinimumVisualStudioVersion = 10.0.40219.1
Project("{9A19103F-16F7-4668-BE54-9A1E7A4F7556}") = "konsi", "konsi.csproj", "{647A2DB1-FF90-4FE3-B10D-11E5C8C1E96C}"
EndProject
Project("{9A19103F-16F7-4668-BE54-9A1E7A4F7556}") = "RabbitMQ.Provider", "..\RabbitMQ.Provider\RabbitMQ.Provider.csproj", "{313F2926-4609-4B04-AD17-050005AD028B}"
EndProject
Project("{9A19103F-16F7-4668-BE54-9A1E7A4F7556}") = "ElasticSearch.Provider", "..\ElasticSearch.Provider\ElasticSearch.Provider.csproj", "{4840EC2E-042B-4434-9E3A-6CACB09063EA}"
EndProject
Project("{9A19103F-16F7-4668-BE54-9A1E7A4F7556}") = "Redis.Provider", "..\Redis.Provider\Redis.Provider.csproj", "{7B6A583F-B094-4EDF-B14F-324C11C5B44E}"
EndProject
Global
	GlobalSection(SolutionConfigurationPlatforms) = preSolution
		Debug|Any CPU = Debug|Any CPU
		Release|Any CPU = Release|Any CPU
	EndGlobalSection
	GlobalSection(ProjectConfigurationPlatforms) = postSolution
		{647A2DB1-FF90-4FE3-B10D-11E5C8C1E96C}.Debug|Any CPU.ActiveCfg = Debug|Any CPU
		{647A2DB1-FF90-4FE3-B10D-11E5C8C1E96C}.Debug|Any CPU.Build.0 = Debug|Any CPU
		{647A2DB1-FF90-4FE3-B10D-11E5C8C1E96C}.Release|Any CPU.ActiveCfg = Release|Any CPU
		{647A2DB1-FF90-4FE3-B10D-11E5C8C1E96C}.Release|Any CPU.Build.0 = Release|Any CPU
		{313F2926-4609-4B04-AD17-050005AD028B}.Debug|Any CPU.ActiveCfg = Debug|Any CPU
		{313F2926-4609-4B04-AD17-050005AD028B}.Debug|Any CPU.Build.0 = Debug|Any CPU
		{313F2926-4609-4B04-AD17-050005AD028B}.Release|Any CPU.ActiveCfg = Release|Any CPU
		{313F2926-4609-4B04-AD17-050005AD028B}.Release|Any CPU.Build.0 = Release|Any CPU
		{4840EC2E-042B-4434-9E3A-6CACB09063EA}.Debug|Any CPU.ActiveCfg = Debug|Any CPU
		{4840EC2E-042B-4434-9E3A-6CACB09063EA}.Debug|Any CPU.Build.0 = Debug|Any CPU
		{4840EC2E-042B-4434-9E3A-6CACB09063EA}.Release|Any CPU.ActiveCfg = Release|Any CPU
		{4840EC2E-042B-4434-9E3A-6CACB09063EA}.Release|Any CPU.Build.0 = Release|Any CPU
		{7B6A583F-B094-4EDF-B14F-324C11C5B44E}.Debug|Any CPU.ActiveCfg = Debug|Any CPU
		{7B6A583F-B094-4EDF-B14F-324C11C5B44E}.Debug|Any CPU.Build.0 = Debug|Any CPU
		{7B6A583F-B094-4EDF-B14F-324C11C5B44E}.Release|Any CPU.ActiveCfg = Release|Any CPU
		{7B6A583F-B094-4EDF-B14F-324C11C5B44E}.Release|Any CPU.Build.0 = Release|Any CPU
	EndGlobalSection
	GlobalSection(SolutionProperties) = preSolution
		HideSolutionNode = FALSE
	EndGlobalSection
	GlobalSection(ExtensibilityGlobals) = postSolution
		SolutionGuid = {EC492BD8-BF78-4791-B583-1DBC0AD9CE63}
	EndGlobalSection
EndGlobal
